
Microsoft Visual Studio Solution File, Format Version 12.00
# Visual Studio 15
Project("{FAE04EC0-301F-11D3-BF4B-00C04F79EFBC}") = "Unity.Timeline", "Unity.Timeline.csproj", "{A5412A2D-59CF-BCF8-4EBF-0DE3F82E5406}"
EndProject
Project("{FAE04EC0-301F-11D3-BF4B-00C04F79EFBC}") = "Unity.Timeline.Editor", "Unity.Timeline.Editor.csproj", "{2DBBD7B3-8BD4-E1AA-F739-0BA86EA785AA}"
EndProject
Project("{FAE04EC0-301F-11D3-BF4B-00C04F79EFBC}") = "Unity.2D.Tilemap.Editor", "Unity.2D.Tilemap.Editor.csproj", "{0C89414B-3111-09A0-5E17-B39B332D6F15}"
EndProject
Project("{FAE04EC0-301F-11D3-BF4B-00C04F79EFBC}") = "Unity.TextMeshPro.Editor", "Unity.TextMeshPro.Editor.csproj", "{A960E33D-AD4B-4F69-E069-DDABA7D9A2C0}"
EndProject
Project("{FAE04EC0-301F-11D3-BF4B-00C04F79EFBC}") = "Unity.2D.Aseprite.Editor", "Unity.2D.Aseprite.Editor.csproj", "{387B1529-9C23-EC94-DC03-9DD3965A6938}"
EndProject
Project("{FAE04EC0-301F-11D3-BF4B-00C04F79EFBC}") = "Unity.VisualScripting.Flow", "Unity.VisualScripting.Flow.csproj", "{6AD8B420-EF00-FACD-F6A2-8AF94D0AD406}"
EndProject
Project("{FAE04EC0-301F-11D3-BF4B-00C04F79EFBC}") = "UnityEditor.UI", "UnityEditor.UI.csproj", "{BA0AF52F-B201-C08C-8A3B-AD8D99F71BA7}"
EndProject
Project("{FAE04EC0-301F-11D3-BF4B-00C04F79EFBC}") = "Unity.PlasticSCM.Editor", "Unity.PlasticSCM.Editor.csproj", "{05F33D9E-413C-FE28-F89E-B584494E5BC0}"
EndProject
Project("{FAE04EC0-301F-11D3-BF4B-00C04F79EFBC}") = "Unity.2D.Psdimporter.Editor", "Unity.2D.Psdimporter.Editor.csproj", "{DDB71EBF-0711-9150-F654-3DBD78395B4E}"
EndProject
Project("{FAE04EC0-301F-11D3-BF4B-00C04F79EFBC}") = "Unity.VisualScripting.Core", "Unity.VisualScripting.Core.csproj", "{453E96B6-FC7A-A91A-3213-8B0A6347ED1A}"
EndProject
Project("{FAE04EC0-301F-11D3-BF4B-00C04F79EFBC}") = "Unity.Mathematics", "Unity.Mathematics.csproj", "{56F12ABD-2197-61E4-EEC8-FE140B153B55}"
EndProject
Project("{FAE04EC0-301F-11D3-BF4B-00C04F79EFBC}") = "Unity.2D.Animation.Editor", "Unity.2D.Animation.Editor.csproj", "{0C2C572A-2B8A-7232-1A5D-69558D0914EB}"
EndProject
Project("{FAE04EC0-301F-11D3-BF4B-00C04F79EFBC}") = "Unity.2D.Common.Path.Editor", "Unity.2D.Common.Path.Editor.csproj", "{C03D5E42-0849-7734-11B8-4D8A51008558}"
EndProject
Project("{FAE04EC0-301F-11D3-BF4B-00C04F79EFBC}") = "Unity.VisualScripting.Core.Editor", "Unity.VisualScripting.Core.Editor.csproj", "{F74EA944-C068-D560-1732-D7842B88C728}"
EndProject
Project("{FAE04EC0-301F-11D3-BF4B-00C04F79EFBC}") = "Unity.2D.IK.Runtime", "Unity.2D.IK.Runtime.csproj", "{E82C19F6-1CCA-D34B-37D1-967CF5186377}"
EndProject
Project("{FAE04EC0-301F-11D3-BF4B-00C04F79EFBC}") = "Unity.VisualScripting.Flow.Editor", "Unity.VisualScripting.Flow.Editor.csproj", "{5ACD7DAD-5583-288D-D795-37DBC3CFE2C9}"
EndProject
Project("{FAE04EC0-301F-11D3-BF4B-00C04F79EFBC}") = "UnityEditor.TestRunner", "UnityEditor.TestRunner.csproj", "{BCB5F910-BDA3-5CA3-B2E2-C7A88A4F0429}"
EndProject
Project("{FAE04EC0-301F-11D3-BF4B-00C04F79EFBC}") = "Unity.VisualScripting.SettingsProvider.Editor", "Unity.VisualScripting.SettingsProvider.Editor.csproj", "{85A9318C-98E1-0C60-77E8-2F1D04528AAB}"
EndProject
Project("{FAE04EC0-301F-11D3-BF4B-00C04F79EFBC}") = "UnityEngine.TestRunner", "UnityEngine.TestRunner.csproj", "{E7900AA7-1957-BA9E-11DD-8969612435DC}"
EndProject
Project("{FAE04EC0-301F-11D3-BF4B-00C04F79EFBC}") = "PsdPlugin", "PsdPlugin.csproj", "{8A417037-6857-B283-A306-ABDD23C3E5F0}"
EndProject
Project("{FAE04EC0-301F-11D3-BF4B-00C04F79EFBC}") = "Unity.Burst", "Unity.Burst.csproj", "{8918C6A5-72ED-CF07-6AE8-10C61BA36BA6}"
EndProject
Project("{FAE04EC0-301F-11D3-BF4B-00C04F79EFBC}") = "UnityEngine.UI", "UnityEngine.UI.csproj", "{C6E17AA0-040A-C64E-DEC4-4C02B4B00C1F}"
EndProject
Project("{FAE04EC0-301F-11D3-BF4B-00C04F79EFBC}") = "Unity.2D.SpriteShape.Editor", "Unity.2D.SpriteShape.Editor.csproj", "{1ED813D5-8093-922F-58EC-E5A108F6A991}"
EndProject
Project("{FAE04EC0-301F-11D3-BF4B-00C04F79EFBC}") = "Unity.Collections", "Unity.Collections.csproj", "{F74D4EA6-63FE-E5DB-E11B-693142B2F2F5}"
EndProject
Project("{FAE04EC0-301F-11D3-BF4B-00C04F79EFBC}") = "Unity.VisualStudio.Editor", "Unity.VisualStudio.Editor.csproj", "{98F49DBB-C4F2-173B-62CD-60A56AACEF67}"
EndProject
Project("{FAE04EC0-301F-11D3-BF4B-00C04F79EFBC}") = "Unity.2D.Tilemap.Extras.Editor", "Unity.2D.Tilemap.Extras.Editor.csproj", "{2B3B8F23-6BBB-0642-C201-68A82EDAD662}"
EndProject
Project("{FAE04EC0-301F-11D3-BF4B-00C04F79EFBC}") = "Unity.Rider.Editor", "Unity.Rider.Editor.csproj", "{FBB88C30-BB1D-CC9A-DE79-F09082ACB149}"
EndProject
Project("{FAE04EC0-301F-11D3-BF4B-00C04F79EFBC}") = "Unity.InternalAPIEditorBridge.001", "Unity.InternalAPIEditorBridge.001.csproj", "{80F2B3DC-FE17-4D1C-9A92-DBFBDFB93290}"
EndProject
Project("{FAE04EC0-301F-11D3-BF4B-00C04F79EFBC}") = "Unity.2D.SpriteShape.Runtime", "Unity.2D.SpriteShape.Runtime.csproj", "{412E0739-8895-4C10-E32B-D46F000557B7}"
EndProject
Project("{FAE04EC0-301F-11D3-BF4B-00C04F79EFBC}") = "Unity.VisualScripting.State.Editor", "Unity.VisualScripting.State.Editor.csproj", "{7B32E5DD-1369-C9AF-ACD8-8659060ABFB6}"
EndProject
Project("{FAE04EC0-301F-11D3-BF4B-00C04F79EFBC}") = "Unity.2D.Animation.Runtime", "Unity.2D.Animation.Runtime.csproj", "{23A4A6B5-D5B0-0FD5-CDAE-2F4CB784C6A1}"
EndProject
Project("{FAE04EC0-301F-11D3-BF4B-00C04F79EFBC}") = "Unity.Burst.CodeGen", "Unity.Burst.CodeGen.csproj", "{48A8F86B-5DB4-265D-B251-E0A3B3BD0486}"
EndProject
Project("{FAE04EC0-301F-11D3-BF4B-00C04F79EFBC}") = "Unity.2D.Tilemap.Extras", "Unity.2D.Tilemap.Extras.csproj", "{FB238EE5-2B0E-8352-BD7B-315FE847F741}"
EndProject
Project("{FAE04EC0-301F-11D3-BF4B-00C04F79EFBC}") = "Unity.VisualScripting.State", "Unity.VisualScripting.State.csproj", "{0CDAD363-D0F6-2005-F61A-31C7760FED78}"
EndProject
Project("{FAE04EC0-301F-11D3-BF4B-00C04F79EFBC}") = "Unity.TextMeshPro", "Unity.TextMeshPro.csproj", "{592C1767-10BA-B511-5CC7-70AD642E3674}"
EndProject
Project("{FAE04EC0-301F-11D3-BF4B-00C04F79EFBC}") = "Unity.2D.Aseprite.Common", "Unity.2D.Aseprite.Common.csproj", "{0C53CC78-D82C-A878-077D-B537D747E904}"
EndProject
Project("{FAE04EC0-301F-11D3-BF4B-00C04F79EFBC}") = "Unity.2D.IK.Editor", "Unity.2D.IK.Editor.csproj", "{EB24AE5A-8198-2388-98E6-1EAF67566AD4}"
EndProject
Project("{FAE04EC0-301F-11D3-BF4B-00C04F79EFBC}") = "Unity.InternalAPIEngineBridge.001", "Unity.InternalAPIEngineBridge.001.csproj", "{0D1514D6-6758-FEC4-36CF-23F50E660947}"
EndProject
Project("{FAE04EC0-301F-11D3-BF4B-00C04F79EFBC}") = "Unity.Burst.Editor", "Unity.Burst.Editor.csproj", "{ABF0A13F-B0E0-CE86-60A6-58B6329317A0}"
EndProject
Project("{FAE04EC0-301F-11D3-BF4B-00C04F79EFBC}") = "Unity.2D.Common.Editor", "Unity.2D.Common.Editor.csproj", "{B4F937B5-092B-91D7-BD41-37AA460395A0}"
EndProject
Project("{FAE04EC0-301F-11D3-BF4B-00C04F79EFBC}") = "Unity.2D.Sprite.Editor", "Unity.2D.Sprite.Editor.csproj", "{2C40F324-A66F-1481-229D-E88C26F08913}"
EndProject
Project("{FAE04EC0-301F-11D3-BF4B-00C04F79EFBC}") = "Unity.2D.PixelPerfect", "Unity.2D.PixelPerfect.csproj", "{FF908E2C-A4FA-9A5F-5ACC-BF8D544D520B}"
EndProject
Project("{FAE04EC0-301F-11D3-BF4B-00C04F79EFBC}") = "Unity.2D.PixelPerfect.Editor", "Unity.2D.PixelPerfect.Editor.csproj", "{7405873F-8F3C-C65F-4750-7CED62C499F5}"
EndProject
Project("{FAE04EC0-301F-11D3-BF4B-00C04F79EFBC}") = "Unity.2D.Common.Runtime", "Unity.2D.Common.Runtime.csproj", "{A1023856-8CCE-2CA1-F3F7-502C266221DD}"
EndProject
Project("{FAE04EC0-301F-11D3-BF4B-00C04F79EFBC}") = "Unity.Mathematics.Editor", "Unity.Mathematics.Editor.csproj", "{EF23CECD-30E6-FF7A-BFDC-A91B2FC97F62}"
EndProject
Project("{FAE04EC0-301F-11D3-BF4B-00C04F79EFBC}") = "Assembly-CSharp", "Assembly-CSharp.csproj", "{E8A6B0DC-2D32-BC96-8B18-450FF5D66D13}"
EndProject
Project("{FAE04EC0-301F-11D3-BF4B-00C04F79EFBC}") = "Unity.Collections.BurstCompatibilityGen", "Unity.Collections.BurstCompatibilityGen.csproj", "{B5D6CB66-FE3C-EBAC-0A21-3CAD397847D5}"
EndProject
Project("{FAE04EC0-301F-11D3-BF4B-00C04F79EFBC}") = "Unity.VisualScripting.Shared.Editor", "Unity.VisualScripting.Shared.Editor.csproj", "{D3511E44-808D-67EF-DF70-05BCAD9BCF4A}"
EndProject
Project("{FAE04EC0-301F-11D3-BF4B-00C04F79EFBC}") = "Unity.Collections.DocCodeSamples", "Unity.Collections.DocCodeSamples.csproj", "{47613A10-28AD-EF79-083B-E62BD9A1EA8D}"
EndProject
Project("{FAE04EC0-301F-11D3-BF4B-00C04F79EFBC}") = "Unity.CollabProxy.Editor", "Unity.CollabProxy.Editor.csproj", "{4CF0D916-B388-1EC9-7E00-E20AB403D734}"
EndProject
Project("{FAE04EC0-301F-11D3-BF4B-00C04F79EFBC}") = "Unity.Timeline", "Unity.Timeline.Player.csproj", "{16DFA8DB-00E7-78CF-4E9D-A0010062EA76}"
EndProject
Project("{FAE04EC0-301F-11D3-BF4B-00C04F79EFBC}") = "Unity.VisualScripting.Flow", "Unity.VisualScripting.Flow.Player.csproj", "{354B6FB1-231E-4761-6B88-FC3255F95AE2}"
EndProject
Project("{FAE04EC0-301F-11D3-BF4B-00C04F79EFBC}") = "Unity.VisualScripting.Core", "Unity.VisualScripting.Core.Player.csproj", "{2756F260-E929-12A0-4494-4BBECA96D4D8}"
EndProject
Project("{FAE04EC0-301F-11D3-BF4B-00C04F79EFBC}") = "Unity.Mathematics", "Unity.Mathematics.Player.csproj", "{B1E4BCFD-5CA2-9B88-12C3-2D3A0511B390}"
EndProject
Project("{FAE04EC0-301F-11D3-BF4B-00C04F79EFBC}") = "Unity.2D.IK.Runtime", "Unity.2D.IK.Runtime.Player.csproj", "{F0030F56-483F-1E03-C59F-82918F872D70}"
EndProject
Project("{FAE04EC0-301F-11D3-BF4B-00C04F79EFBC}") = "UnityEngine.TestRunner", "UnityEngine.TestRunner.Player.csproj", "{82B46A38-9C04-5CDF-5E9C-1AA071449C46}"
EndProject
Project("{FAE04EC0-301F-11D3-BF4B-00C04F79EFBC}") = "Unity.Burst", "Unity.Burst.Player.csproj", "{DD8F7000-CB50-423F-1918-3DD146897AEA}"
EndProject
Project("{FAE04EC0-301F-11D3-BF4B-00C04F79EFBC}") = "UnityEngine.UI", "UnityEngine.UI.Player.csproj", "{B3002A51-0CAC-0BDD-9371-59303ECF4747}"
EndProject
Project("{FAE04EC0-301F-11D3-BF4B-00C04F79EFBC}") = "Unity.Collections", "Unity.Collections.Player.csproj", "{7DDF8BAE-B932-D82B-F9B7-8CEC04A8DB4E}"
EndProject
Project("{FAE04EC0-301F-11D3-BF4B-00C04F79EFBC}") = "Unity.2D.SpriteShape.Runtime", "Unity.2D.SpriteShape.Runtime.Player.csproj", "{57CCB0FE-1193-4A33-0670-120BB6A38382}"
EndProject
Project("{FAE04EC0-301F-11D3-BF4B-00C04F79EFBC}") = "Unity.2D.Animation.Runtime", "Unity.2D.Animation.Runtime.Player.csproj", "{76ACEEFA-0873-1D9B-DDAB-D06AB94ED5FC}"
EndProject
Project("{FAE04EC0-301F-11D3-BF4B-00C04F79EFBC}") = "Unity.2D.Tilemap.Extras", "Unity.2D.Tilemap.Extras.Player.csproj", "{20A2175B-2FC4-0CED-213A-88095F01F123}"
EndProject
Project("{FAE04EC0-301F-11D3-BF4B-00C04F79EFBC}") = "Unity.VisualScripting.State", "Unity.VisualScripting.State.Player.csproj", "{3461A194-CD34-DF5A-994E-80303AEB3040}"
EndProject
Project("{FAE04EC0-301F-11D3-BF4B-00C04F79EFBC}") = "Unity.TextMeshPro", "Unity.TextMeshPro.Player.csproj", "{E07FFE72-1FE8-601D-2B29-FC5E6A541336}"
EndProject
Project("{FAE04EC0-301F-11D3-BF4B-00C04F79EFBC}") = "Unity.InternalAPIEngineBridge.001", "Unity.InternalAPIEngineBridge.001.Player.csproj", "{3E32A2C8-57ED-5276-4F7C-86BE83793A02}"
EndProject
Project("{FAE04EC0-301F-11D3-BF4B-00C04F79EFBC}") = "Unity.2D.PixelPerfect", "Unity.2D.PixelPerfect.Player.csproj", "{3E852D42-A6E5-E62A-08D4-8514DC7E7B5E}"
EndProject
Project("{FAE04EC0-301F-11D3-BF4B-00C04F79EFBC}") = "Unity.2D.Common.Runtime", "Unity.2D.Common.Runtime.Player.csproj", "{513BE666-710B-BBFD-1A7D-8B93199A90BB}"
EndProject
Project("{FAE04EC0-301F-11D3-BF4B-00C04F79EFBC}") = "Assembly-CSharp", "Assembly-CSharp.Player.csproj", "{A181291D-217B-86DA-AD61-98617D6865D7}"
EndProject
Global
	GlobalSection(SolutionConfigurationPlatforms) = preSolution
		Debug|Any CPU = Debug|Any CPU
		Release|Any CPU = Release|Any CPU
	EndGlobalSection
	GlobalSection(ProjectConfigurationPlatforms) = postSolution
		{A5412A2D-59CF-BCF8-4EBF-0DE3F82E5406}.Debug|Any CPU.ActiveCfg = Debug|Any CPU
		{A5412A2D-59CF-BCF8-4EBF-0DE3F82E5406}.Debug|Any CPU.Build.0 = Debug|Any CPU
		{A5412A2D-59CF-BCF8-4EBF-0DE3F82E5406}.Release|Any CPU.ActiveCfg = Release|Any CPU
		{A5412A2D-59CF-BCF8-4EBF-0DE3F82E5406}.Release|Any CPU.Build.0 = Release|Any CPU
		{2DBBD7B3-8BD4-E1AA-F739-0BA86EA785AA}.Debug|Any CPU.ActiveCfg = Debug|Any CPU
		{2DBBD7B3-8BD4-E1AA-F739-0BA86EA785AA}.Debug|Any CPU.Build.0 = Debug|Any CPU
		{2DBBD7B3-8BD4-E1AA-F739-0BA86EA785AA}.Release|Any CPU.ActiveCfg = Release|Any CPU
		{2DBBD7B3-8BD4-E1AA-F739-0BA86EA785AA}.Release|Any CPU.Build.0 = Release|Any CPU
		{0C89414B-3111-09A0-5E17-B39B332D6F15}.Debug|Any CPU.ActiveCfg = Debug|Any CPU
		{0C89414B-3111-09A0-5E17-B39B332D6F15}.Debug|Any CPU.Build.0 = Debug|Any CPU
		{0C89414B-3111-09A0-5E17-B39B332D6F15}.Release|Any CPU.ActiveCfg = Release|Any CPU
		{0C89414B-3111-09A0-5E17-B39B332D6F15}.Release|Any CPU.Build.0 = Release|Any CPU
		{A960E33D-AD4B-4F69-E069-DDABA7D9A2C0}.Debug|Any CPU.ActiveCfg = Debug|Any CPU
		{A960E33D-AD4B-4F69-E069-DDABA7D9A2C0}.Debug|Any CPU.Build.0 = Debug|Any CPU
		{A960E33D-AD4B-4F69-E069-DDABA7D9A2C0}.Release|Any CPU.ActiveCfg = Release|Any CPU
		{A960E33D-AD4B-4F69-E069-DDABA7D9A2C0}.Release|Any CPU.Build.0 = Release|Any CPU
		{387B1529-9C23-EC94-DC03-9DD3965A6938}.Debug|Any CPU.ActiveCfg = Debug|Any CPU
		{387B1529-9C23-EC94-DC03-9DD3965A6938}.Debug|Any CPU.Build.0 = Debug|Any CPU
		{387B1529-9C23-EC94-DC03-9DD3965A6938}.Release|Any CPU.ActiveCfg = Release|Any CPU
		{387B1529-9C23-EC94-DC03-9DD3965A6938}.Release|Any CPU.Build.0 = Release|Any CPU
		{6AD8B420-EF00-FACD-F6A2-8AF94D0AD406}.Debug|Any CPU.ActiveCfg = Debug|Any CPU
		{6AD8B420-EF00-FACD-F6A2-8AF94D0AD406}.Debug|Any CPU.Build.0 = Debug|Any CPU
		{6AD8B420-EF00-FACD-F6A2-8AF94D0AD406}.Release|Any CPU.ActiveCfg = Release|Any CPU
		{6AD8B420-EF00-FACD-F6A2-8AF94D0AD406}.Release|Any CPU.Build.0 = Release|Any CPU
		{BA0AF52F-B201-C08C-8A3B-AD8D99F71BA7}.Debug|Any CPU.ActiveCfg = Debug|Any CPU
		{BA0AF52F-B201-C08C-8A3B-AD8D99F71BA7}.Debug|Any CPU.Build.0 = Debug|Any CPU
		{BA0AF52F-B201-C08C-8A3B-AD8D99F71BA7}.Release|Any CPU.ActiveCfg = Release|Any CPU
		{BA0AF52F-B201-C08C-8A3B-AD8D99F71BA7}.Release|Any CPU.Build.0 = Release|Any CPU
		{05F33D9E-413C-FE28-F89E-B584494E5BC0}.Debug|Any CPU.ActiveCfg = Debug|Any CPU
		{05F33D9E-413C-FE28-F89E-B584494E5BC0}.Debug|Any CPU.Build.0 = Debug|Any CPU
		{05F33D9E-413C-FE28-F89E-B584494E5BC0}.Release|Any CPU.ActiveCfg = Release|Any CPU
		{05F33D9E-413C-FE28-F89E-B584494E5BC0}.Release|Any CPU.Build.0 = Release|Any CPU
		{DDB71EBF-0711-9150-F654-3DBD78395B4E}.Debug|Any CPU.ActiveCfg = Debug|Any CPU
		{DDB71EBF-0711-9150-F654-3DBD78395B4E}.Debug|Any CPU.Build.0 = Debug|Any CPU
		{DDB71EBF-0711-9150-F654-3DBD78395B4E}.Release|Any CPU.ActiveCfg = Release|Any CPU
		{DDB71EBF-0711-9150-F654-3DBD78395B4E}.Release|Any CPU.Build.0 = Release|Any CPU
		{453E96B6-FC7A-A91A-3213-8B0A6347ED1A}.Debug|Any CPU.ActiveCfg = Debug|Any CPU
		{453E96B6-FC7A-A91A-3213-8B0A6347ED1A}.Debug|Any CPU.Build.0 = Debug|Any CPU
		{453E96B6-FC7A-A91A-3213-8B0A6347ED1A}.Release|Any CPU.ActiveCfg = Release|Any CPU
		{453E96B6-FC7A-A91A-3213-8B0A6347ED1A}.Release|Any CPU.Build.0 = Release|Any CPU
		{56F12ABD-2197-61E4-EEC8-FE140B153B55}.Debug|Any CPU.ActiveCfg = Debug|Any CPU
		{56F12ABD-2197-61E4-EEC8-FE140B153B55}.Debug|Any CPU.Build.0 = Debug|Any CPU
		{56F12ABD-2197-61E4-EEC8-FE140B153B55}.Release|Any CPU.ActiveCfg = Release|Any CPU
		{56F12ABD-2197-61E4-EEC8-FE140B153B55}.Release|Any CPU.Build.0 = Release|Any CPU
		{0C2C572A-2B8A-7232-1A5D-69558D0914EB}.Debug|Any CPU.ActiveCfg = Debug|Any CPU
		{0C2C572A-2B8A-7232-1A5D-69558D0914EB}.Debug|Any CPU.Build.0 = Debug|Any CPU
		{0C2C572A-2B8A-7232-1A5D-69558D0914EB}.Release|Any CPU.ActiveCfg = Release|Any CPU
		{0C2C572A-2B8A-7232-1A5D-69558D0914EB}.Release|Any CPU.Build.0 = Release|Any CPU
		{C03D5E42-0849-7734-11B8-4D8A51008558}.Debug|Any CPU.ActiveCfg = Debug|Any CPU
		{C03D5E42-0849-7734-11B8-4D8A51008558}.Debug|Any CPU.Build.0 = Debug|Any CPU
		{C03D5E42-0849-7734-11B8-4D8A51008558}.Release|Any CPU.ActiveCfg = Release|Any CPU
		{C03D5E42-0849-7734-11B8-4D8A51008558}.Release|Any CPU.Build.0 = Release|Any CPU
		{F74EA944-C068-D560-1732-D7842B88C728}.Debug|Any CPU.ActiveCfg = Debug|Any CPU
		{F74EA944-C068-D560-1732-D7842B88C728}.Debug|Any CPU.Build.0 = Debug|Any CPU
		{F74EA944-C068-D560-1732-D7842B88C728}.Release|Any CPU.ActiveCfg = Release|Any CPU
		{F74EA944-C068-D560-1732-D7842B88C728}.Release|Any CPU.Build.0 = Release|Any CPU
		{E82C19F6-1CCA-D34B-37D1-967CF5186377}.Debug|Any CPU.ActiveCfg = Debug|Any CPU
		{E82C19F6-1CCA-D34B-37D1-967CF5186377}.Debug|Any CPU.Build.0 = Debug|Any CPU
		{E82C19F6-1CCA-D34B-37D1-967CF5186377}.Release|Any CPU.ActiveCfg = Release|Any CPU
		{E82C19F6-1CCA-D34B-37D1-967CF5186377}.Release|Any CPU.Build.0 = Release|Any CPU
		{5ACD7DAD-5583-288D-D795-37DBC3CFE2C9}.Debug|Any CPU.ActiveCfg = Debug|Any CPU
		{5ACD7DAD-5583-288D-D795-37DBC3CFE2C9}.Debug|Any CPU.Build.0 = Debug|Any CPU
		{5ACD7DAD-5583-288D-D795-37DBC3CFE2C9}.Release|Any CPU.ActiveCfg = Release|Any CPU
		{5ACD7DAD-5583-288D-D795-37DBC3CFE2C9}.Release|Any CPU.Build.0 = Release|Any CPU
		{BCB5F910-BDA3-5CA3-B2E2-C7A88A4F0429}.Debug|Any CPU.ActiveCfg = Debug|Any CPU
		{BCB5F910-BDA3-5CA3-B2E2-C7A88A4F0429}.Debug|Any CPU.Build.0 = Debug|Any CPU
		{BCB5F910-BDA3-5CA3-B2E2-C7A88A4F0429}.Release|Any CPU.ActiveCfg = Release|Any CPU
		{BCB5F910-BDA3-5CA3-B2E2-C7A88A4F0429}.Release|Any CPU.Build.0 = Release|Any CPU
		{85A9318C-98E1-0C60-77E8-2F1D04528AAB}.Debug|Any CPU.ActiveCfg = Debug|Any CPU
		{85A9318C-98E1-0C60-77E8-2F1D04528AAB}.Debug|Any CPU.Build.0 = Debug|Any CPU
		{85A9318C-98E1-0C60-77E8-2F1D04528AAB}.Release|Any CPU.ActiveCfg = Release|Any CPU
		{85A9318C-98E1-0C60-77E8-2F1D04528AAB}.Release|Any CPU.Build.0 = Release|Any CPU
		{E7900AA7-1957-BA9E-11DD-8969612435DC}.Debug|Any CPU.ActiveCfg = Debug|Any CPU
		{E7900AA7-1957-BA9E-11DD-8969612435DC}.Debug|Any CPU.Build.0 = Debug|Any CPU
		{E7900AA7-1957-BA9E-11DD-8969612435DC}.Release|Any CPU.ActiveCfg = Release|Any CPU
		{E7900AA7-1957-BA9E-11DD-8969612435DC}.Release|Any CPU.Build.0 = Release|Any CPU
		{8A417037-6857-B283-A306-ABDD23C3E5F0}.Debug|Any CPU.ActiveCfg = Debug|Any CPU
		{8A417037-6857-B283-A306-ABDD23C3E5F0}.Debug|Any CPU.Build.0 = Debug|Any CPU
		{8A417037-6857-B283-A306-ABDD23C3E5F0}.Release|Any CPU.ActiveCfg = Release|Any CPU
		{8A417037-6857-B283-A306-ABDD23C3E5F0}.Release|Any CPU.Build.0 = Release|Any CPU
		{8918C6A5-72ED-CF07-6AE8-10C61BA36BA6}.Debug|Any CPU.ActiveCfg = Debug|Any CPU
		{8918C6A5-72ED-CF07-6AE8-10C61BA36BA6}.Debug|Any CPU.Build.0 = Debug|Any CPU
		{8918C6A5-72ED-CF07-6AE8-10C61BA36BA6}.Release|Any CPU.ActiveCfg = Release|Any CPU
		{8918C6A5-72ED-CF07-6AE8-10C61BA36BA6}.Release|Any CPU.Build.0 = Release|Any CPU
		{C6E17AA0-040A-C64E-DEC4-4C02B4B00C1F}.Debug|Any CPU.ActiveCfg = Debug|Any CPU
		{C6E17AA0-040A-C64E-DEC4-4C02B4B00C1F}.Debug|Any CPU.Build.0 = Debug|Any CPU
		{C6E17AA0-040A-C64E-DEC4-4C02B4B00C1F}.Release|Any CPU.ActiveCfg = Release|Any CPU
		{C6E17AA0-040A-C64E-DEC4-4C02B4B00C1F}.Release|Any CPU.Build.0 = Release|Any CPU
		{1ED813D5-8093-922F-58EC-E5A108F6A991}.Debug|Any CPU.ActiveCfg = Debug|Any CPU
		{1ED813D5-8093-922F-58EC-E5A108F6A991}.Debug|Any CPU.Build.0 = Debug|Any CPU
		{1ED813D5-8093-922F-58EC-E5A108F6A991}.Release|Any CPU.ActiveCfg = Release|Any CPU
		{1ED813D5-8093-922F-58EC-E5A108F6A991}.Release|Any CPU.Build.0 = Release|Any CPU
		{F74D4EA6-63FE-E5DB-E11B-693142B2F2F5}.Debug|Any CPU.ActiveCfg = Debug|Any CPU
		{F74D4EA6-63FE-E5DB-E11B-693142B2F2F5}.Debug|Any CPU.Build.0 = Debug|Any CPU
		{F74D4EA6-63FE-E5DB-E11B-693142B2F2F5}.Release|Any CPU.ActiveCfg = Release|Any CPU
		{F74D4EA6-63FE-E5DB-E11B-693142B2F2F5}.Release|Any CPU.Build.0 = Release|Any CPU
		{98F49DBB-C4F2-173B-62CD-60A56AACEF67}.Debug|Any CPU.ActiveCfg = Debug|Any CPU
		{98F49DBB-C4F2-173B-62CD-60A56AACEF67}.Debug|Any CPU.Build.0 = Debug|Any CPU
		{98F49DBB-C4F2-173B-62CD-60A56AACEF67}.Release|Any CPU.ActiveCfg = Release|Any CPU
		{98F49DBB-C4F2-173B-62CD-60A56AACEF67}.Release|Any CPU.Build.0 = Release|Any CPU
		{2B3B8F23-6BBB-0642-C201-68A82EDAD662}.Debug|Any CPU.ActiveCfg = Debug|Any CPU
		{2B3B8F23-6BBB-0642-C201-68A82EDAD662}.Debug|Any CPU.Build.0 = Debug|Any CPU
		{2B3B8F23-6BBB-0642-C201-68A82EDAD662}.Release|Any CPU.ActiveCfg = Release|Any CPU
		{2B3B8F23-6BBB-0642-C201-68A82EDAD662}.Release|Any CPU.Build.0 = Release|Any CPU
		{FBB88C30-BB1D-CC9A-DE79-F09082ACB149}.Debug|Any CPU.ActiveCfg = Debug|Any CPU
		{FBB88C30-BB1D-CC9A-DE79-F09082ACB149}.Debug|Any CPU.Build.0 = Debug|Any CPU
		{FBB88C30-BB1D-CC9A-DE79-F09082ACB149}.Release|Any CPU.ActiveCfg = Release|Any CPU
		{FBB88C30-BB1D-CC9A-DE79-F09082ACB149}.Release|Any CPU.Build.0 = Release|Any CPU
		{80F2B3DC-FE17-4D1C-9A92-DBFBDFB93290}.Debug|Any CPU.ActiveCfg = Debug|Any CPU
		{80F2B3DC-FE17-4D1C-9A92-DBFBDFB93290}.Debug|Any CPU.Build.0 = Debug|Any CPU
		{80F2B3DC-FE17-4D1C-9A92-DBFBDFB93290}.Release|Any CPU.ActiveCfg = Release|Any CPU
		{80F2B3DC-FE17-4D1C-9A92-DBFBDFB93290}.Release|Any CPU.Build.0 = Release|Any CPU
		{412E0739-8895-4C10-E32B-D46F000557B7}.Debug|Any CPU.ActiveCfg = Debug|Any CPU
		{412E0739-8895-4C10-E32B-D46F000557B7}.Debug|Any CPU.Build.0 = Debug|Any CPU
		{412E0739-8895-4C10-E32B-D46F000557B7}.Release|Any CPU.ActiveCfg = Release|Any CPU
		{412E0739-8895-4C10-E32B-D46F000557B7}.Release|Any CPU.Build.0 = Release|Any CPU
		{7B32E5DD-1369-C9AF-ACD8-8659060ABFB6}.Debug|Any CPU.ActiveCfg = Debug|Any CPU
		{7B32E5DD-1369-C9AF-ACD8-8659060ABFB6}.Debug|Any CPU.Build.0 = Debug|Any CPU
		{7B32E5DD-1369-C9AF-ACD8-8659060ABFB6}.Release|Any CPU.ActiveCfg = Release|Any CPU
		{7B32E5DD-1369-C9AF-ACD8-8659060ABFB6}.Release|Any CPU.Build.0 = Release|Any CPU
		{23A4A6B5-D5B0-0FD5-CDAE-2F4CB784C6A1}.Debug|Any CPU.ActiveCfg = Debug|Any CPU
		{23A4A6B5-D5B0-0FD5-CDAE-2F4CB784C6A1}.Debug|Any CPU.Build.0 = Debug|Any CPU
		{23A4A6B5-D5B0-0FD5-CDAE-2F4CB784C6A1}.Release|Any CPU.ActiveCfg = Release|Any CPU
		{23A4A6B5-D5B0-0FD5-CDAE-2F4CB784C6A1}.Release|Any CPU.Build.0 = Release|Any CPU
		{48A8F86B-5DB4-265D-B251-E0A3B3BD0486}.Debug|Any CPU.ActiveCfg = Debug|Any CPU
		{48A8F86B-5DB4-265D-B251-E0A3B3BD0486}.Debug|Any CPU.Build.0 = Debug|Any CPU
		{48A8F86B-5DB4-265D-B251-E0A3B3BD0486}.Release|Any CPU.ActiveCfg = Release|Any CPU
		{48A8F86B-5DB4-265D-B251-E0A3B3BD0486}.Release|Any CPU.Build.0 = Release|Any CPU
		{FB238EE5-2B0E-8352-BD7B-315FE847F741}.Debug|Any CPU.ActiveCfg = Debug|Any CPU
		{FB238EE5-2B0E-8352-BD7B-315FE847F741}.Debug|Any CPU.Build.0 = Debug|Any CPU
		{FB238EE5-2B0E-8352-BD7B-315FE847F741}.Release|Any CPU.ActiveCfg = Release|Any CPU
		{FB238EE5-2B0E-8352-BD7B-315FE847F741}.Release|Any CPU.Build.0 = Release|Any CPU
		{0CDAD363-D0F6-2005-F61A-31C7760FED78}.Debug|Any CPU.ActiveCfg = Debug|Any CPU
		{0CDAD363-D0F6-2005-F61A-31C7760FED78}.Debug|Any CPU.Build.0 = Debug|Any CPU
		{0CDAD363-D0F6-2005-F61A-31C7760FED78}.Release|Any CPU.ActiveCfg = Release|Any CPU
		{0CDAD363-D0F6-2005-F61A-31C7760FED78}.Release|Any CPU.Build.0 = Release|Any CPU
		{592C1767-10BA-B511-5CC7-70AD642E3674}.Debug|Any CPU.ActiveCfg = Debug|Any CPU
		{592C1767-10BA-B511-5CC7-70AD642E3674}.Debug|Any CPU.Build.0 = Debug|Any CPU
		{592C1767-10BA-B511-5CC7-70AD642E3674}.Release|Any CPU.ActiveCfg = Release|Any CPU
		{592C1767-10BA-B511-5CC7-70AD642E3674}.Release|Any CPU.Build.0 = Release|Any CPU
		{0C53CC78-D82C-A878-077D-B537D747E904}.Debug|Any CPU.ActiveCfg = Debug|Any CPU
		{0C53CC78-D82C-A878-077D-B537D747E904}.Debug|Any CPU.Build.0 = Debug|Any CPU
		{0C53CC78-D82C-A878-077D-B537D747E904}.Release|Any CPU.ActiveCfg = Release|Any CPU
		{0C53CC78-D82C-A878-077D-B537D747E904}.Release|Any CPU.Build.0 = Release|Any CPU
		{EB24AE5A-8198-2388-98E6-1EAF67566AD4}.Debug|Any CPU.ActiveCfg = Debug|Any CPU
		{EB24AE5A-8198-2388-98E6-1EAF67566AD4}.Debug|Any CPU.Build.0 = Debug|Any CPU
		{EB24AE5A-8198-2388-98E6-1EAF67566AD4}.Release|Any CPU.ActiveCfg = Release|Any CPU
		{EB24AE5A-8198-2388-98E6-1EAF67566AD4}.Release|Any CPU.Build.0 = Release|Any CPU
		{0D1514D6-6758-FEC4-36CF-23F50E660947}.Debug|Any CPU.ActiveCfg = Debug|Any CPU
		{0D1514D6-6758-FEC4-36CF-23F50E660947}.Debug|Any CPU.Build.0 = Debug|Any CPU
		{0D1514D6-6758-FEC4-36CF-23F50E660947}.Release|Any CPU.ActiveCfg = Release|Any CPU
		{0D1514D6-6758-FEC4-36CF-23F50E660947}.Release|Any CPU.Build.0 = Release|Any CPU
		{ABF0A13F-B0E0-CE86-60A6-58B6329317A0}.Debug|Any CPU.ActiveCfg = Debug|Any CPU
		{ABF0A13F-B0E0-CE86-60A6-58B6329317A0}.Debug|Any CPU.Build.0 = Debug|Any CPU
		{ABF0A13F-B0E0-CE86-60A6-58B6329317A0}.Release|Any CPU.ActiveCfg = Release|Any CPU
		{ABF0A13F-B0E0-CE86-60A6-58B6329317A0}.Release|Any CPU.Build.0 = Release|Any CPU
		{B4F937B5-092B-91D7-BD41-37AA460395A0}.Debug|Any CPU.ActiveCfg = Debug|Any CPU
		{B4F937B5-092B-91D7-BD41-37AA460395A0}.Debug|Any CPU.Build.0 = Debug|Any CPU
		{B4F937B5-092B-91D7-BD41-37AA460395A0}.Release|Any CPU.ActiveCfg = Release|Any CPU
		{B4F937B5-092B-91D7-BD41-37AA460395A0}.Release|Any CPU.Build.0 = Release|Any CPU
		{2C40F324-A66F-1481-229D-E88C26F08913}.Debug|Any CPU.ActiveCfg = Debug|Any CPU
		{2C40F324-A66F-1481-229D-E88C26F08913}.Debug|Any CPU.Build.0 = Debug|Any CPU
		{2C40F324-A66F-1481-229D-E88C26F08913}.Release|Any CPU.ActiveCfg = Release|Any CPU
		{2C40F324-A66F-1481-229D-E88C26F08913}.Release|Any CPU.Build.0 = Release|Any CPU
		{FF908E2C-A4FA-9A5F-5ACC-BF8D544D520B}.Debug|Any CPU.ActiveCfg = Debug|Any CPU
		{FF908E2C-A4FA-9A5F-5ACC-BF8D544D520B}.Debug|Any CPU.Build.0 = Debug|Any CPU
		{FF908E2C-A4FA-9A5F-5ACC-BF8D544D520B}.Release|Any CPU.ActiveCfg = Release|Any CPU
		{FF908E2C-A4FA-9A5F-5ACC-BF8D544D520B}.Release|Any CPU.Build.0 = Release|Any CPU
		{7405873F-8F3C-C65F-4750-7CED62C499F5}.Debug|Any CPU.ActiveCfg = Debug|Any CPU
		{7405873F-8F3C-C65F-4750-7CED62C499F5}.Debug|Any CPU.Build.0 = Debug|Any CPU
		{7405873F-8F3C-C65F-4750-7CED62C499F5}.Release|Any CPU.ActiveCfg = Release|Any CPU
		{7405873F-8F3C-C65F-4750-7CED62C499F5}.Release|Any CPU.Build.0 = Release|Any CPU
		{A1023856-8CCE-2CA1-F3F7-502C266221DD}.Debug|Any CPU.ActiveCfg = Debug|Any CPU
		{A1023856-8CCE-2CA1-F3F7-502C266221DD}.Debug|Any CPU.Build.0 = Debug|Any CPU
		{A1023856-8CCE-2CA1-F3F7-502C266221DD}.Release|Any CPU.ActiveCfg = Release|Any CPU
		{A1023856-8CCE-2CA1-F3F7-502C266221DD}.Release|Any CPU.Build.0 = Release|Any CPU
		{EF23CECD-30E6-FF7A-BFDC-A91B2FC97F62}.Debug|Any CPU.ActiveCfg = Debug|Any CPU
		{EF23CECD-30E6-FF7A-BFDC-A91B2FC97F62}.Debug|Any CPU.Build.0 = Debug|Any CPU
		{EF23CECD-30E6-FF7A-BFDC-A91B2FC97F62}.Release|Any CPU.ActiveCfg = Release|Any CPU
		{EF23CECD-30E6-FF7A-BFDC-A91B2FC97F62}.Release|Any CPU.Build.0 = Release|Any CPU
		{E8A6B0DC-2D32-BC96-8B18-450FF5D66D13}.Debug|Any CPU.ActiveCfg = Debug|Any CPU
		{E8A6B0DC-2D32-BC96-8B18-450FF5D66D13}.Debug|Any CPU.Build.0 = Debug|Any CPU
		{E8A6B0DC-2D32-BC96-8B18-450FF5D66D13}.Release|Any CPU.ActiveCfg = Release|Any CPU
		{E8A6B0DC-2D32-BC96-8B18-450FF5D66D13}.Release|Any CPU.Build.0 = Release|Any CPU
		{B5D6CB66-FE3C-EBAC-0A21-3CAD397847D5}.Debug|Any CPU.ActiveCfg = Debug|Any CPU
		{B5D6CB66-FE3C-EBAC-0A21-3CAD397847D5}.Debug|Any CPU.Build.0 = Debug|Any CPU
		{B5D6CB66-FE3C-EBAC-0A21-3CAD397847D5}.Release|Any CPU.ActiveCfg = Release|Any CPU
		{B5D6CB66-FE3C-EBAC-0A21-3CAD397847D5}.Release|Any CPU.Build.0 = Release|Any CPU
		{D3511E44-808D-67EF-DF70-05BCAD9BCF4A}.Debug|Any CPU.ActiveCfg = Debug|Any CPU
		{D3511E44-808D-67EF-DF70-05BCAD9BCF4A}.Debug|Any CPU.Build.0 = Debug|Any CPU
		{D3511E44-808D-67EF-DF70-05BCAD9BCF4A}.Release|Any CPU.ActiveCfg = Release|Any CPU
		{D3511E44-808D-67EF-DF70-05BCAD9BCF4A}.Release|Any CPU.Build.0 = Release|Any CPU
		{47613A10-28AD-EF79-083B-E62BD9A1EA8D}.Debug|Any CPU.ActiveCfg = Debug|Any CPU
		{47613A10-28AD-EF79-083B-E62BD9A1EA8D}.Debug|Any CPU.Build.0 = Debug|Any CPU
		{47613A10-28AD-EF79-083B-E62BD9A1EA8D}.Release|Any CPU.ActiveCfg = Release|Any CPU
		{47613A10-28AD-EF79-083B-E62BD9A1EA8D}.Release|Any CPU.Build.0 = Release|Any CPU
		{4CF0D916-B388-1EC9-7E00-E20AB403D734}.Debug|Any CPU.ActiveCfg = Debug|Any CPU
		{4CF0D916-B388-1EC9-7E00-E20AB403D734}.Debug|Any CPU.Build.0 = Debug|Any CPU
		{4CF0D916-B388-1EC9-7E00-E20AB403D734}.Release|Any CPU.ActiveCfg = Release|Any CPU
		{4CF0D916-B388-1EC9-7E00-E20AB403D734}.Release|Any CPU.Build.0 = Release|Any CPU
		{16DFA8DB-00E7-78CF-4E9D-A0010062EA76}.Debug|Any CPU.ActiveCfg = Debug|Any CPU
		{16DFA8DB-00E7-78CF-4E9D-A0010062EA76}.Debug|Any CPU.Build.0 = Debug|Any CPU
		{16DFA8DB-00E7-78CF-4E9D-A0010062EA76}.Release|Any CPU.ActiveCfg = Release|Any CPU
		{16DFA8DB-00E7-78CF-4E9D-A0010062EA76}.Release|Any CPU.Build.0 = Release|Any CPU
		{354B6FB1-231E-4761-6B88-FC3255F95AE2}.Debug|Any CPU.ActiveCfg = Debug|Any CPU
		{354B6FB1-231E-4761-6B88-FC3255F95AE2}.Debug|Any CPU.Build.0 = Debug|Any CPU
		{354B6FB1-231E-4761-6B88-FC3255F95AE2}.Release|Any CPU.ActiveCfg = Release|Any CPU
		{354B6FB1-231E-4761-6B88-FC3255F95AE2}.Release|Any CPU.Build.0 = Release|Any CPU
		{2756F260-E929-12A0-4494-4BBECA96D4D8}.Debug|Any CPU.ActiveCfg = Debug|Any CPU
		{2756F260-E929-12A0-4494-4BBECA96D4D8}.Debug|Any CPU.Build.0 = Debug|Any CPU
		{2756F260-E929-12A0-4494-4BBECA96D4D8}.Release|Any CPU.ActiveCfg = Release|Any CPU
		{2756F260-E929-12A0-4494-4BBECA96D4D8}.Release|Any CPU.Build.0 = Release|Any CPU
		{B1E4BCFD-5CA2-9B88-12C3-2D3A0511B390}.Debug|Any CPU.ActiveCfg = Debug|Any CPU
		{B1E4BCFD-5CA2-9B88-12C3-2D3A0511B390}.Debug|Any CPU.Build.0 = Debug|Any CPU
		{B1E4BCFD-5CA2-9B88-12C3-2D3A0511B390}.Release|Any CPU.ActiveCfg = Release|Any CPU
		{B1E4BCFD-5CA2-9B88-12C3-2D3A0511B390}.Release|Any CPU.Build.0 = Release|Any CPU
		{F0030F56-483F-1E03-C59F-82918F872D70}.Debug|Any CPU.ActiveCfg = Debug|Any CPU
		{F0030F56-483F-1E03-C59F-82918F872D70}.Debug|Any CPU.Build.0 = Debug|Any CPU
		{F0030F56-483F-1E03-C59F-82918F872D70}.Release|Any CPU.ActiveCfg = Release|Any CPU
		{F0030F56-483F-1E03-C59F-82918F872D70}.Release|Any CPU.Build.0 = Release|Any CPU
		{82B46A38-9C04-5CDF-5E9C-1AA071449C46}.Debug|Any CPU.ActiveCfg = Debug|Any CPU
		{82B46A38-9C04-5CDF-5E9C-1AA071449C46}.Debug|Any CPU.Build.0 = Debug|Any CPU
		{82B46A38-9C04-5CDF-5E9C-1AA071449C46}.Release|Any CPU.ActiveCfg = Release|Any CPU
		{82B46A38-9C04-5CDF-5E9C-1AA071449C46}.Release|Any CPU.Build.0 = Release|Any CPU
		{DD8F7000-CB50-423F-1918-3DD146897AEA}.Debug|Any CPU.ActiveCfg = Debug|Any CPU
		{DD8F7000-CB50-423F-1918-3DD146897AEA}.Debug|Any CPU.Build.0 = Debug|Any CPU
		{DD8F7000-CB50-423F-1918-3DD146897AEA}.Release|Any CPU.ActiveCfg = Release|Any CPU
		{DD8F7000-CB50-423F-1918-3DD146897AEA}.Release|Any CPU.Build.0 = Release|Any CPU
		{B3002A51-0CAC-0BDD-9371-59303ECF4747}.Debug|Any CPU.ActiveCfg = Debug|Any CPU
		{B3002A51-0CAC-0BDD-9371-59303ECF4747}.Debug|Any CPU.Build.0 = Debug|Any CPU
		{B3002A51-0CAC-0BDD-9371-59303ECF4747}.Release|Any CPU.ActiveCfg = Release|Any CPU
		{B3002A51-0CAC-0BDD-9371-59303ECF4747}.Release|Any CPU.Build.0 = Release|Any CPU
		{7DDF8BAE-B932-D82B-F9B7-8CEC04A8DB4E}.Debug|Any CPU.ActiveCfg = Debug|Any CPU
		{7DDF8BAE-B932-D82B-F9B7-8CEC04A8DB4E}.Debug|Any CPU.Build.0 = Debug|Any CPU
		{7DDF8BAE-B932-D82B-F9B7-8CEC04A8DB4E}.Release|Any CPU.ActiveCfg = Release|Any CPU
		{7DDF8BAE-B932-D82B-F9B7-8CEC04A8DB4E}.Release|Any CPU.Build.0 = Release|Any CPU
		{57CCB0FE-1193-4A33-0670-120BB6A38382}.Debug|Any CPU.ActiveCfg = Debug|Any CPU
		{57CCB0FE-1193-4A33-0670-120BB6A38382}.Debug|Any CPU.Build.0 = Debug|Any CPU
		{57CCB0FE-1193-4A33-0670-120BB6A38382}.Release|Any CPU.ActiveCfg = Release|Any CPU
		{57CCB0FE-1193-4A33-0670-120BB6A38382}.Release|Any CPU.Build.0 = Release|Any CPU
		{76ACEEFA-0873-1D9B-DDAB-D06AB94ED5FC}.Debug|Any CPU.ActiveCfg = Debug|Any CPU
		{76ACEEFA-0873-1D9B-DDAB-D06AB94ED5FC}.Debug|Any CPU.Build.0 = Debug|Any CPU
		{76ACEEFA-0873-1D9B-DDAB-D06AB94ED5FC}.Release|Any CPU.ActiveCfg = Release|Any CPU
		{76ACEEFA-0873-1D9B-DDAB-D06AB94ED5FC}.Release|Any CPU.Build.0 = Release|Any CPU
		{20A2175B-2FC4-0CED-213A-88095F01F123}.Debug|Any CPU.ActiveCfg = Debug|Any CPU
		{20A2175B-2FC4-0CED-213A-88095F01F123}.Debug|Any CPU.Build.0 = Debug|Any CPU
		{20A2175B-2FC4-0CED-213A-88095F01F123}.Release|Any CPU.ActiveCfg = Release|Any CPU
		{20A2175B-2FC4-0CED-213A-88095F01F123}.Release|Any CPU.Build.0 = Release|Any CPU
		{3461A194-CD34-DF5A-994E-80303AEB3040}.Debug|Any CPU.ActiveCfg = Debug|Any CPU
		{3461A194-CD34-DF5A-994E-80303AEB3040}.Debug|Any CPU.Build.0 = Debug|Any CPU
		{3461A194-CD34-DF5A-994E-80303AEB3040}.Release|Any CPU.ActiveCfg = Release|Any CPU
		{3461A194-CD34-DF5A-994E-80303AEB3040}.Release|Any CPU.Build.0 = Release|Any CPU
		{E07FFE72-1FE8-601D-2B29-FC5E6A541336}.Debug|Any CPU.ActiveCfg = Debug|Any CPU
		{E07FFE72-1FE8-601D-2B29-FC5E6A541336}.Debug|Any CPU.Build.0 = Debug|Any CPU
		{E07FFE72-1FE8-601D-2B29-FC5E6A541336}.Release|Any CPU.ActiveCfg = Release|Any CPU
		{E07FFE72-1FE8-601D-2B29-FC5E6A541336}.Release|Any CPU.Build.0 = Release|Any CPU
		{3E32A2C8-57ED-5276-4F7C-86BE83793A02}.Debug|Any CPU.ActiveCfg = Debug|Any CPU
		{3E32A2C8-57ED-5276-4F7C-86BE83793A02}.Debug|Any CPU.Build.0 = Debug|Any CPU
		{3E32A2C8-57ED-5276-4F7C-86BE83793A02}.Release|Any CPU.ActiveCfg = Release|Any CPU
		{3E32A2C8-57ED-5276-4F7C-86BE83793A02}.Release|Any CPU.Build.0 = Release|Any CPU
		{3E852D42-A6E5-E62A-08D4-8514DC7E7B5E}.Debug|Any CPU.ActiveCfg = Debug|Any CPU
		{3E852D42-A6E5-E62A-08D4-8514DC7E7B5E}.Debug|Any CPU.Build.0 = Debug|Any CPU
		{3E852D42-A6E5-E62A-08D4-8514DC7E7B5E}.Release|Any CPU.ActiveCfg = Release|Any CPU
		{3E852D42-A6E5-E62A-08D4-8514DC7E7B5E}.Release|Any CPU.Build.0 = Release|Any CPU
		{513BE666-710B-BBFD-1A7D-8B93199A90BB}.Debug|Any CPU.ActiveCfg = Debug|Any CPU
		{513BE666-710B-BBFD-1A7D-8B93199A90BB}.Debug|Any CPU.Build.0 = Debug|Any CPU
		{513BE666-710B-BBFD-1A7D-8B93199A90BB}.Release|Any CPU.ActiveCfg = Release|Any CPU
		{513BE666-710B-BBFD-1A7D-8B93199A90BB}.Release|Any CPU.Build.0 = Release|Any CPU
		{A181291D-217B-86DA-AD61-98617D6865D7}.Debug|Any CPU.ActiveCfg = Debug|Any CPU
		{A181291D-217B-86DA-AD61-98617D6865D7}.Debug|Any CPU.Build.0 = Debug|Any CPU
		{A181291D-217B-86DA-AD61-98617D6865D7}.Release|Any CPU.ActiveCfg = Release|Any CPU
		{A181291D-217B-86DA-AD61-98617D6865D7}.Release|Any CPU.Build.0 = Release|Any CPU
	EndGlobalSection
	GlobalSection(SolutionProperties) = preSolution
		HideSolutionNode = FALSE
	EndGlobalSection
EndGlobal
